
Microsoft Visual Studio Solution File, Format Version 12.00
# Visual Studio 2013
VisualStudioVersion = 12.0.30324.0
MinimumVisualStudioVersion = 10.0.40219.1
Project("{FAE04EC0-301F-11D3-BF4B-00C04F79EFBC}") = "SchoolTaskTests", "SchoolTaskTests\SchoolTaskTests.csproj", "{CC4C8E2A-9DF6-4E3A-88C0-27DDCBEEF573}"
EndProject
Project("{FAE04EC0-301F-11D3-BF4B-00C04F79EFBC}") = "SchoolBuilding", "ClassLibrary1\SchoolBuilding.csproj", "{B1E2CD79-4714-4079-AE87-C346634A0939}"
EndProject
Global
	GlobalSection(SolutionConfigurationPlatforms) = preSolution
		Debug|Any CPU = Debug|Any CPU
		Release|Any CPU = Release|Any CPU
	EndGlobalSection
	GlobalSection(ProjectConfigurationPlatforms) = postSolution
		{CC4C8E2A-9DF6-4E3A-88C0-27DDCBEEF573}.Debug|Any CPU.ActiveCfg = Debug|Any CPU
		{CC4C8E2A-9DF6-4E3A-88C0-27DDCBEEF573}.Debug|Any CPU.Build.0 = Debug|Any CPU
		{CC4C8E2A-9DF6-4E3A-88C0-27DDCBEEF573}.Release|Any CPU.ActiveCfg = Release|Any CPU
		{CC4C8E2A-9DF6-4E3A-88C0-27DDCBEEF573}.Release|Any CPU.Build.0 = Release|Any CPU
		{B1E2CD79-4714-4079-AE87-C346634A0939}.Debug|Any CPU.ActiveCfg = Debug|Any CPU
		{B1E2CD79-4714-4079-AE87-C346634A0939}.Debug|Any CPU.Build.0 = Debug|Any CPU
		{B1E2CD79-4714-4079-AE87-C346634A0939}.Release|Any CPU.ActiveCfg = Release|Any CPU
		{B1E2CD79-4714-4079-AE87-C346634A0939}.Release|Any CPU.Build.0 = Release|Any CPU
	EndGlobalSection
	GlobalSection(SolutionProperties) = preSolution
		HideSolutionNode = FALSE
	EndGlobalSection
EndGlobal
